
Microsoft Visual Studio Solution File, Format Version 12.00
# Visual Studio Version 16
VisualStudioVersion = 16.0.30225.117
MinimumVisualStudioVersion = 10.0.40219.1
Project("{FAE04EC0-301F-11D3-BF4B-00C04F79EFBC}") = "ValidParentheses", "ValidParentheses.csproj", "{3BCC8E53-A0C5-40A3-A141-C5378895C5A5}"
EndProject
Global
	GlobalSection(SolutionConfigurationPlatforms) = preSolution
		Debug|Any CPU = Debug|Any CPU
		Release|Any CPU = Release|Any CPU
	EndGlobalSection
	GlobalSection(ProjectConfigurationPlatforms) = postSolution
		{3BCC8E53-A0C5-40A3-A141-C5378895C5A5}.Debug|Any CPU.ActiveCfg = Debug|Any CPU
		{3BCC8E53-A0C5-40A3-A141-C5378895C5A5}.Debug|Any CPU.Build.0 = Debug|Any CPU
		{3BCC8E53-A0C5-40A3-A141-C5378895C5A5}.Release|Any CPU.ActiveCfg = Release|Any CPU
		{3BCC8E53-A0C5-40A3-A141-C5378895C5A5}.Release|Any CPU.Build.0 = Release|Any CPU
	EndGlobalSection
	GlobalSection(SolutionProperties) = preSolution
		HideSolutionNode = FALSE
	EndGlobalSection
	GlobalSection(ExtensibilityGlobals) = postSolution
		SolutionGuid = {D0363522-3072-40F6-8131-A572C97C9290}
	EndGlobalSection
EndGlobal
